<?xml version="1.0" encoding="utf-8"?>
<Project ToolsVersion="4.0" xmlns="http://schemas.microsoft.com/developer/msbuild/2003">
  <ItemGroup>
    <Filter Include="Source Files">
      <UniqueIdentifier>{4FC737F1-C7A5-4376-A066-2A32D752A2FF}</UniqueIdentifier>
      <Extensions>cpp;c;cc;cxx;c++;cppm;ixx;def;odl;idl;hpj;bat;asm;asmx</Extensions>
    </Filter>
    <Filter Include="Header Files">
      <UniqueIdentifier>{93995380-89BD-4b04-88EB-625FBE52EBFB}</UniqueIdentifier>
      <Extensions>h;hh;hpp;hxx;h++;hm;inl;inc;ipp;xsd</Extensions>
    </Filter>
    <Filter Include="Resource Files">
      <UniqueIdentifier>{67DA6AB6-F800-4c08-8B7A-83BB121AAD01}</UniqueIdentifier>
      <Extensions>rc;ico;cur;bmp;dlg;rc2;rct;bin;rgs;gif;jpg;jpeg;jpe;resx;tiff;tif;png;wav;mfcribbon-ms</Extensions>
    </Filter>
    <Filter Include="Source Files\Utils">
      <UniqueIdentifier>{8b18269f-4c1f-4bcb-9995-04cb61021f83}</UniqueIdentifier>
    </Filter>
  </ItemGroup>
  <ItemGroup>
    <ClCompile Include="Main.cpp">
      <Filter>Source Files</Filter>
    </ClCompile>
    <ClCompile Include="Utils\Utils.cpp">
      <Filter>Source Files\Utils</Filter>
    </ClCompile>
    <ClCompile Include="Utils\Vec2D.cpp">
      <Filter>Source Files\Utils</Filter>
    </ClCompile>
    <ClCompile Include="Graphics\Color.cpp">
      <Filter>Source Files</Filter>
    </ClCompile>
    <ClCompile Include="Graphics\ScreenBuffer.cpp">
      <Filter>Source Files</Filter>
    </ClCompile>
    <ClCompile Include="Graphics\Screen.cpp">
      <Filter>Source Files</Filter>
    </ClCompile>
    <ClCompile Include="Shapes\Line2D.cpp">
      <Filter>Source Files</Filter>
    </ClCompile>
    <ClCompile Include="Shapes\Shape.cpp">
      <Filter>Source Files</Filter>
    </ClCompile>
    <ClCompile Include="Shapes\Triangle.cpp">
      <Filter>Source Files</Filter>
    </ClCompile>
    <ClCompile Include="Shapes\AARectangle.cpp">
      <Filter>Source Files</Filter>
    </ClCompile>
    <ClCompile Include="Shapes\Circle.cpp">
      <Filter>Source Files</Filter>
    </ClCompile>
    <ClCompile Include="App\App.cpp">
      <Filter>Source Files</Filter>
    </ClCompile>
    <ClCompile Include="Scene\ChessScene.cpp">
      <Filter>Source Files</Filter>
    </ClCompile>
    <ClCompile Include="Input\GameController.cpp">
      <Filter>Source Files</Filter>
    </ClCompile>
    <ClCompile Include="Input\InputController.cpp">
      <Filter>Source Files</Filter>
    </ClCompile>
    <ClCompile Include="Scene\GameScene.cpp">
      <Filter>Source Files</Filter>
    </ClCompile>
    <ClCompile Include="Utils\FileCommandLoader.cpp">
      <Filter>Source Files</Filter>
    </ClCompile>
    <ClCompile Include="Games\Chess\Pawn.cpp">
      <Filter>Source Files</Filter>
    </ClCompile>
    <ClCompile Include="Games\Chess\BoardSquare.cpp">
      <Filter>Source Files</Filter>
    </ClCompile>
    <ClCompile Include="Games\Chess\ChessBoard.cpp">
      <Filter>Source Files</Filter>
    </ClCompile>
    <ClCompile Include="Games\Chess\Rook.cpp">
      <Filter>Source Files</Filter>
    </ClCompile>
    <ClCompile Include="Games\Chess\Knight.cpp">
      <Filter>Source Files</Filter>
    </ClCompile>
    <ClCompile Include="Games\Chess\Bishop.cpp">
      <Filter>Source Files</Filter>
    </ClCompile>
    <ClCompile Include="Games\Chess\Queen.cpp">
      <Filter>Source Files</Filter>
    </ClCompile>
    <ClCompile Include="Games\Chess\King.cpp">
      <Filter>Source Files</Filter>
    </ClCompile>
    <ClCompile Include="Scene\ArcadeScene.cpp">
      <Filter>Source Files</Filter>
    </ClCompile>
    <ClCompile Include="Games\Breakout\BreakOut.cpp">
      <Filter>Source Files</Filter>
    </ClCompile>
    <ClCompile Include="Games\Breakout\Excluder.cpp">
      <Filter>Source Files</Filter>
    </ClCompile>
    <ClCompile Include="Games\Breakout\Paddle.cpp">
      <Filter>Source Files</Filter>
    </ClCompile>
    <ClCompile Include="Games\Breakout\Ball.cpp">
      <Filter>Source Files</Filter>
    </ClCompile>
    <ClCompile Include="Games\Breakout\LevelBoundary.cpp">
      <Filter>Source Files</Filter>
    </ClCompile>
    <ClCompile Include="Shapes\Ellipse.cpp">
      <Filter>Source Files</Filter>
    </ClCompile>
    <ClCompile Include="Games\Breakout\Block.cpp">
      <Filter>Source Files</Filter>
    </ClCompile>
    <ClCompile Include="Games\Breakout\BreakOutGameLevel.cpp">
      <Filter>Source Files</Filter>
    </ClCompile>
  </ItemGroup>
  <ItemGroup>
    <ClInclude Include="Utils\Utils.h">
      <Filter>Source Files\Utils</Filter>
    </ClInclude>
    <ClInclude Include="Utils\Vec2D.h">
      <Filter>Source Files\Utils</Filter>
    </ClInclude>
    <ClInclude Include="Graphics\Color.h">
      <Filter>Header Files</Filter>
    </ClInclude>
    <ClInclude Include="Graphics\ScreenBuffer.h">
      <Filter>Header Files</Filter>
    </ClInclude>
    <ClInclude Include="Graphics\Screen.h">
      <Filter>Header Files</Filter>
    </ClInclude>
    <ClInclude Include="Shapes\Line2D.h">
      <Filter>Header Files</Filter>
    </ClInclude>
    <ClInclude Include="Shapes\Shape.h">
      <Filter>Header Files</Filter>
    </ClInclude>
    <ClInclude Include="Shapes\Triangle.h">
      <Filter>Header Files</Filter>
    </ClInclude>
    <ClInclude Include="Shapes\AARectangle.h">
      <Filter>Header Files</Filter>
    </ClInclude>
    <ClInclude Include="Shapes\Circle.h">
      <Filter>Header Files</Filter>
    </ClInclude>
    <ClInclude Include="App\App.h">
      <Filter>Header Files</Filter>
    </ClInclude>
    <ClInclude Include="Scene\Scene.h">
      <Filter>Header Files</Filter>
    </ClInclude>
    <ClInclude Include="Scene\ChessScene.h">
      <Filter>Header Files</Filter>
    </ClInclude>
    <ClInclude Include="Input\InputAction.h">
      <Filter>Header Files</Filter>
    </ClInclude>
    <ClInclude Include="Input\GameController.h">
      <Filter>Header Files</Filter>
    </ClInclude>
    <ClInclude Include="Input\InputController.h">
      <Filter>Header Files</Filter>
    </ClInclude>
    <ClInclude Include="Games\Game.h">
      <Filter>Header Files</Filter>
    </ClInclude>
    <ClInclude Include="Scene\GameScene.h">
      <Filter>Header Files</Filter>
    </ClInclude>
    <ClInclude Include="Utils\FileCommandLoader.h">
      <Filter>Header Files</Filter>
    </ClInclude>
    <ClInclude Include="Games\Chess\Pawn.h">
      <Filter>Header Files</Filter>
    </ClInclude>
    <ClInclude Include="Games\Chess\ChessPiece.h">
      <Filter>Header Files</Filter>
    </ClInclude>
    <ClInclude Include="Games\Chess\BoardSquare.h">
      <Filter>Header Files</Filter>
    </ClInclude>
    <ClInclude Include="Games\Chess\ChessBoard.h">
      <Filter>Header Files</Filter>
    </ClInclude>
    <ClInclude Include="Games\Chess\Rook.h">
      <Filter>Header Files</Filter>
    </ClInclude>
    <ClInclude Include="Games\Chess\Knight.h">
      <Filter>Header Files</Filter>
    </ClInclude>
    <ClInclude Include="Games\Chess\Bishop.h">
      <Filter>Header Files</Filter>
    </ClInclude>
    <ClInclude Include="Games\Chess\Queen.h">
      <Filter>Header Files</Filter>
    </ClInclude>
    <ClInclude Include="Games\Chess\King.h">
      <Filter>Header Files</Filter>
    </ClInclude>
    <ClInclude Include="Games\Chess\notes.txt">
      <Filter>Header Files</Filter>
    </ClInclude>
    <ClInclude Include="Scene\ArcadeScene.h">
      <Filter>Header Files</Filter>
    </ClInclude>
    <ClInclude Include="Games\Breakout\BreakOut.h">
      <Filter>Header Files</Filter>
    </ClInclude>
    <ClInclude Include="Games\Breakout\Excluder.h">
      <Filter>Header Files</Filter>
    </ClInclude>
    <ClInclude Include="Games\Breakout\BoundaryEdge.h">
      <Filter>Header Files</Filter>
    </ClInclude>
    <ClInclude Include="Games\Breakout\Paddle.h">
      <Filter>Header Files</Filter>
    </ClInclude>
    <ClInclude Include="Games\Breakout\Ball.h">
      <Filter>Header Files</Filter>
    </ClInclude>
    <ClInclude Include="Games\Breakout\LevelBoundary.h">
      <Filter>Header Files</Filter>
    </ClInclude>
    <ClInclude Include="Shapes\Ellipse.h">
      <Filter>Header Files</Filter>
    </ClInclude>
    <ClInclude Include="Games\Breakout\Block.h">
      <Filter>Header Files</Filter>
    </ClInclude>
    <ClInclude Include="Games\Breakout\BreakOutGameLevel.h">
      <Filter>Header Files</Filter>
    </ClInclude>
  </ItemGroup>
  <ItemGroup>
    <Text Include="Assets\BreakoutLevels.txt" />
  </ItemGroup>
</Project>